// !$*UTF8*$!
{
	archiveVersion = 1;
	classes = {
	};
	objectVersion = 46;
	objects = {

/* Begin PBXBuildFile section */
		064BA7721D0EFEC5002C6C37 /* String+calcLabelHeight.swift in Sources */ = {isa = PBXBuildFile; fileRef = 064BA7711D0EFEC5002C6C37 /* String+calcLabelHeight.swift */; };
		DEB69ED71D094C700062405F /* AppDelegate.swift in Sources */ = {isa = PBXBuildFile; fileRef = DEB69ED61D094C700062405F /* AppDelegate.swift */; };
		DEB69ED91D094C700062405F /* ViewController.swift in Sources */ = {isa = PBXBuildFile; fileRef = DEB69ED81D094C700062405F /* ViewController.swift */; };
		DEB69EDC1D094C700062405F /* Main.storyboard in Resources */ = {isa = PBXBuildFile; fileRef = DEB69EDA1D094C700062405F /* Main.storyboard */; };
		DEB69EDE1D094C700062405F /* Assets.xcassets in Resources */ = {isa = PBXBuildFile; fileRef = DEB69EDD1D094C700062405F /* Assets.xcassets */; };
		DEB69EE11D094C700062405F /* LaunchScreen.storyboard in Resources */ = {isa = PBXBuildFile; fileRef = DEB69EDF1D094C700062405F /* LaunchScreen.storyboard */; };
		DEC42F751D09581A0071F2EB /* UIImageEffects.m in Sources */ = {isa = PBXBuildFile; fileRef = DEC42F741D09581A0071F2EB /* UIImageEffects.m */; };
/* End PBXBuildFile section */

/* Begin PBXFileReference section */
		064BA7711D0EFEC5002C6C37 /* String+calcLabelHeight.swift */ = {isa = PBXFileReference; fileEncoding = 4; lastKnownFileType = sourcecode.swift; path = "String+calcLabelHeight.swift"; sourceTree = "<group>"; };
		DEB69ED31D094C700062405F /* twitterProfile.app */ = {isa = PBXFileReference; explicitFileType = wrapper.application; includeInIndex = 0; path = twitterProfile.app; sourceTree = BUILT_PRODUCTS_DIR; };
		DEB69ED61D094C700062405F /* AppDelegate.swift */ = {isa = PBXFileReference; lastKnownFileType = sourcecode.swift; path = AppDelegate.swift; sourceTree = "<group>"; };
		DEB69ED81D094C700062405F /* ViewController.swift */ = {isa = PBXFileReference; lastKnownFileType = sourcecode.swift; path = ViewController.swift; sourceTree = "<group>"; };
		DEB69EDB1D094C700062405F /* Base */ = {isa = PBXFileReference; lastKnownFileType = file.storyboard; name = Base; path = Base.lproj/Main.storyboard; sourceTree = "<group>"; };
		DEB69EDD1D094C700062405F /* Assets.xcassets */ = {isa = PBXFileReference; lastKnownFileType = folder.assetcatalog; path = Assets.xcassets; sourceTree = "<group>"; };
		DEB69EE01D094C700062405F /* Base */ = {isa = PBXFileReference; lastKnownFileType = file.storyboard; name = Base; path = Base.lproj/LaunchScreen.storyboard; sourceTree = "<group>"; };
		DEB69EE21D094C700062405F /* Info.plist */ = {isa = PBXFileReference; lastKnownFileType = text.plist.xml; path = Info.plist; sourceTree = "<group>"; };
		DEC42F721D09581A0071F2EB /* twitterProfile-Bridging-Header.h */ = {isa = PBXFileReference; lastKnownFileType = sourcecode.c.h; path = "twitterProfile-Bridging-Header.h"; sourceTree = "<group>"; };
		DEC42F731D09581A0071F2EB /* UIImageEffects.h */ = {isa = PBXFileReference; fileEncoding = 4; lastKnownFileType = sourcecode.c.h; path = UIImageEffects.h; sourceTree = "<group>"; };
		DEC42F741D09581A0071F2EB /* UIImageEffects.m */ = {isa = PBXFileReference; fileEncoding = 4; lastKnownFileType = sourcecode.c.objc; path = UIImageEffects.m; sourceTree = "<group>"; };
/* End PBXFileReference section */

/* Begin PBXFrameworksBuildPhase section */
		DEB69ED01D094C700062405F /* Frameworks */ = {
			isa = PBXFrameworksBuildPhase;
			buildActionMask = 2147483647;
			files = (
			);
			runOnlyForDeploymentPostprocessing = 0;
		};
/* End PBXFrameworksBuildPhase section */

/* Begin PBXGroup section */
		DEB69ECA1D094C700062405F = {
			isa = PBXGroup;
			children = (
				DEB69ED51D094C700062405F /* twitterProfile */,
				DEB69ED41D094C700062405F /* Products */,
			);
			sourceTree = "<group>";
		};
		DEB69ED41D094C700062405F /* Products */ = {
			isa = PBXGroup;
			children = (
				DEB69ED31D094C700062405F /* twitterProfile.app */,
			);
			name = Products;
			sourceTree = "<group>";
		};
		DEB69ED51D094C700062405F /* twitterProfile */ = {
			isa = PBXGroup;
			children = (
				DEC42F711D0957FA0071F2EB /* Library */,
				DEB69ED61D094C700062405F /* AppDelegate.swift */,
				DEB69ED81D094C700062405F /* ViewController.swift */,
				DEB69EDA1D094C700062405F /* Main.storyboard */,
				DEB69EDD1D094C700062405F /* Assets.xcassets */,
				DEB69EDF1D094C700062405F /* LaunchScreen.storyboard */,
				DEB69EE21D094C700062405F /* Info.plist */,
			);
			path = twitterProfile;
			sourceTree = "<group>";
		};
		DEC42F711D0957FA0071F2EB /* Library */ = {
			isa = PBXGroup;
			children = (
				DEC42F731D09581A0071F2EB /* UIImageEffects.h */,
				DEC42F741D09581A0071F2EB /* UIImageEffects.m */,
				DEC42F721D09581A0071F2EB /* twitterProfile-Bridging-Header.h */,
				064BA7711D0EFEC5002C6C37 /* String+calcLabelHeight.swift */,
			);
			name = Library;
			sourceTree = "<group>";
		};
/* End PBXGroup section */

/* Begin PBXNativeTarget section */
		DEB69ED21D094C700062405F /* twitterProfile */ = {
			isa = PBXNativeTarget;
			buildConfigurationList = DEB69EE51D094C700062405F /* Build configuration list for PBXNativeTarget "twitterProfile" */;
			buildPhases = (
				DEB69ECF1D094C700062405F /* Sources */,
				DEB69ED01D094C700062405F /* Frameworks */,
				DEB69ED11D094C700062405F /* Resources */,
			);
			buildRules = (
			);
			dependencies = (
			);
			name = twitterProfile;
			productName = twitterProfile;
			productReference = DEB69ED31D094C700062405F /* twitterProfile.app */;
			productType = "com.apple.product-type.application";
		};
/* End PBXNativeTarget section */

/* Begin PBXProject section */
		DEB69ECB1D094C700062405F /* Project object */ = {
			isa = PBXProject;
			attributes = {
				LastSwiftUpdateCheck = 0730;
				LastUpgradeCheck = 0730;
				ORGANIZATIONNAME = Sweatshop;
				TargetAttributes = {
					DEB69ED21D094C700062405F = {
						CreatedOnToolsVersion = 7.3;
						DevelopmentTeam = HZA79NQ8N6;
					};
				};
			};
			buildConfigurationList = DEB69ECE1D094C700062405F /* Build configuration list for PBXProject "twitterProfile" */;
			compatibilityVersion = "Xcode 3.2";
			developmentRegion = English;
			hasScannedForEncodings = 0;
			knownRegions = (
				en,
				Base,
			);
			mainGroup = DEB69ECA1D094C700062405F;
			productRefGroup = DEB69ED41D094C700062405F /* Products */;
			projectDirPath = "";
			projectRoot = "";
			targets = (
				DEB69ED21D094C700062405F /* twitterProfile */,
			);
		};
/* End PBXProject section */

/* Begin PBXResourcesBuildPhase section */
		DEB69ED11D094C700062405F /* Resources */ = {
			isa = PBXResourcesBuildPhase;
			buildActionMask = 2147483647;
			files = (
				DEB69EE11D094C700062405F /* LaunchScreen.storyboard in Resources */,
				DEB69EDE1D094C700062405F /* Assets.xcassets in Resources */,
				DEB69EDC1D094C700062405F /* Main.storyboard in Resources */,
			);
			runOnlyForDeploymentPostprocessing = 0;
		};
/* End PBXResourcesBuildPhase section */

/* Begin PBXSourcesBuildPhase section */
		DEB69ECF1D094C700062405F /* Sources */ = {
			isa = PBXSourcesBuildPhase;
			buildActionMask = 2147483647;
			files = (
				DEB69ED91D094C700062405F /* ViewController.swift in Sources */,
				064BA7721D0EFEC5002C6C37 /* String+calcLabelHeight.swift in Sources */,
				DEB69ED71D094C700062405F /* AppDelegate.swift in Sources */,
				DEC42F751D09581A0071F2EB /* UIImageEffects.m in Sources */,
			);
			runOnlyForDeploymentPostprocessing = 0;
		};
/* End PBXSourcesBuildPhase section */

/* Begin PBXVariantGroup section */
		DEB69EDA1D094C700062405F /* Main.storyboard */ = {
			isa = PBXVariantGroup;
			children = (
				DEB69EDB1D094C700062405F /* Base */,
			);
			name = Main.storyboard;
			sourceTree = "<group>";
		};
		DEB69EDF1D094C700062405F /* LaunchScreen.storyboard */ = {
			isa = PBXVariantGroup;
			children = (
				DEB69EE01D094C700062405F /* Base */,
			);
			name = LaunchScreen.storyboard;
			sourceTree = "<group>";
		};
/* End PBXVariantGroup section */

/* Begin XCBuildConfiguration section */
		DEB69EE31D094C700062405F /* Debug */ = {
			isa = XCBuildConfiguration;
			buildSettings = {
				ALWAYS_SEARCH_USER_PATHS = NO;
				CLANG_ANALYZER_NONNULL = YES;
				CLANG_CXX_LANGUAGE_STANDARD = "gnu++0x";
				CLANG_CXX_LIBRARY = "libc++";
				CLANG_ENABLE_MODULES = YES;
				CLANG_ENABLE_OBJC_ARC = YES;
				CLANG_WARN_BOOL_CONVERSION = YES;
				CLANG_WARN_CONSTANT_CONVERSION = YES;
				CLANG_WARN_DIRECT_OBJC_ISA_USAGE = YES_ERROR;
				CLANG_WARN_EMPTY_BODY = YES;
				CLANG_WARN_ENUM_CONVERSION = YES;
				CLANG_WARN_INT_CONVERSION = YES;
				CLANG_WARN_OBJC_ROOT_CLASS = YES_ERROR;
				CLANG_WARN_UNREACHABLE_CODE = YES;
				CLANG_WARN__DUPLICATE_METHOD_MATCH = YES;
				"CODE_SIGN_IDENTITY[sdk=iphoneos*]" = "iPhone Developer";
				COPY_PHASE_STRIP = NO;
				DEBUG_INFORMATION_FORMAT = dwarf;
				ENABLE_STRICT_OBJC_MSGSEND = YES;
				ENABLE_TESTABILITY = YES;
				GCC_C_LANGUAGE_STANDARD = gnu99;
				GCC_DYNAMIC_NO_PIC = NO;
				GCC_NO_COMMON_BLOCKS = YES;
				GCC_OPTIMIZATION_LEVEL = 0;
				GCC_PREPROCESSOR_DEFINITIONS = (
					"DEBUG=1",
					"$(inherited)",
				);
				GCC_WARN_64_TO_32_BIT_CONVERSION = YES;
				GCC_WARN_ABOUT_RETURN_TYPE = YES_ERROR;
				GCC_WARN_UNDECLARED_SELECTOR = YES;
				GCC_WARN_UNINITIALIZED_AUTOS = YES_AGGRESSIVE;
				GCC_WARN_UNUSED_FUNCTION = YES;
				GCC_WARN_UNUSED_VARIABLE = YES;
				IPHONEOS_DEPLOYMENT_TARGET = 9.3;
				MTL_ENABLE_DEBUG_INFO = YES;
				ONLY_ACTIVE_ARCH = YES;
				SDKROOT = iphoneos;
				SWIFT_OPTIMIZATION_LEVEL = "-Onone";
			};
			name = Debug;
		};
		DEB69EE41D094C700062405F /* Release */ = {
			isa = XCBuildConfiguration;
			buildSettings = {
				ALWAYS_SEARCH_USER_PATHS = NO;
				CLANG_ANALYZER_NONNULL = YES;
				CLANG_CXX_LANGUAGE_STANDARD = "gnu++0x";
				CLANG_CXX_LIBRARY = "libc++";
				CLANG_ENABLE_MODULES = YES;
				CLANG_ENABLE_OBJC_ARC = YES;
				CLANG_WARN_BOOL_CONVERSION = YES;
				CLANG_WARN_CONSTANT_CONVERSION = YES;
				CLANG_WARN_DIRECT_OBJC_ISA_USAGE = YES_ERROR;
				CLANG_WARN_EMPTY_BODY = YES;
				CLANG_WARN_ENUM_CONVERSION = YES;
				CLANG_WARN_INT_CONVERSION = YES;
				CLANG_WARN_OBJC_ROOT_CLASS = YES_ERROR;
				CLANG_WARN_UNREACHABLE_CODE = YES;
				CLANG_WARN__DUPLICATE_METHOD_MATCH = YES;
				"CODE_SIGN_IDENTITY[sdk=iphoneos*]" = "iPhone Developer";
				COPY_PHASE_STRIP = NO;
				DEBUG_INFORMATION_FORMAT = "dwarf-with-dsym";
				ENABLE_NS_ASSERTIONS = NO;
				ENABLE_STRICT_OBJC_MSGSEND = YES;
				GCC_C_LANGUAGE_STANDARD = gnu99;
				GCC_NO_COMMON_BLOCKS = YES;
				GCC_WARN_64_TO_32_BIT_CONVERSION = YES;
				GCC_WARN_ABOUT_RETURN_TYPE = YES_ERROR;
				GCC_WARN_UNDECLARED_SELECTOR = YES;
				GCC_WARN_UNINITIALIZED_AUTOS = YES_AGGRESSIVE;
				GCC_WARN_UNUSED_FUNCTION = YES;
				GCC_WARN_UNUSED_VARIABLE = YES;
				IPHONEOS_DEPLOYMENT_TARGET = 9.3;
				MTL_ENABLE_DEBUG_INFO = NO;
				SDKROOT = iphoneos;
				VALIDATE_PRODUCT = YES;
			};
			name = Release;
		};
		DEB69EE61D094C700062405F /* Debug */ = {
			isa = XCBuildConfiguration;
			buildSettings = {
				ASSETCATALOG_COMPILER_APPICON_NAME = AppIcon;
				CLANG_ENABLE_MODULES = YES;
				CODE_SIGN_IDENTITY = "iPhone Developer";
				INFOPLIST_FILE = twitterProfile/Info.plist;
				LD_RUNPATH_SEARCH_PATHS = "$(inherited) @executable_path/Frameworks";
				PRODUCT_BUNDLE_IDENTIFIER = in.sweatshop.twitterProfile;
				PRODUCT_NAME = "$(TARGET_NAME)";
				SWIFT_OBJC_BRIDGING_HEADER = "twitterProfile/twitterProfile-Bridging-Header.h";
				SWIFT_OPTIMIZATION_LEVEL = "-Onone";
			};
			name = Debug;
		};
		DEB69EE71D094C700062405F /* Release */ = {
			isa = XCBuildConfiguration;
			buildSettings = {
				ASSETCATALOG_COMPILER_APPICON_NAME = AppIcon;
				CLANG_ENABLE_MODULES = YES;
				CODE_SIGN_IDENTITY = "iPhone Developer";
				INFOPLIST_FILE = twitterProfile/Info.plist;
				LD_RUNPATH_SEARCH_PATHS = "$(inherited) @executable_path/Frameworks";
				PRODUCT_BUNDLE_IDENTIFIER = in.sweatshop.twitterProfile;
				PRODUCT_NAME = "$(TARGET_NAME)";
				SWIFT_OBJC_BRIDGING_HEADER = "twitterProfile/twitterProfile-Bridging-Header.h";
			};
			name = Release;
		};
/* End XCBuildConfiguration section */

/* Begin XCConfigurationList section */
		DEB69ECE1D094C700062405F /* Build configuration list for PBXProject "twitterProfile" */ = {
			isa = XCConfigurationList;
			buildConfigurations = (
				DEB69EE31D094C700062405F /* Debug */,
				DEB69EE41D094C700062405F /* Release */,
			);
			defaultConfigurationIsVisible = 0;
			defaultConfigurationName = Release;
		};
		DEB69EE51D094C700062405F /* Build configuration list for PBXNativeTarget "twitterProfile" */ = {
			isa = XCConfigurationList;
			buildConfigurations = (
				DEB69EE61D094C700062405F /* Debug */,
				DEB69EE71D094C700062405F /* Release */,
			);
			defaultConfigurationIsVisible = 0;
			defaultConfigurationName = Release;
		};
/* End XCConfigurationList section */
	};
	rootObject = DEB69ECB1D094C700062405F /* Project object */;
}
